
Microsoft Visual Studio Solution File, Format Version 12.00
# Visual Studio Version 16
VisualStudioVersion = 16.0.31729.503
MinimumVisualStudioVersion = 10.0.40219.1
Project("{FAE04EC0-301F-11D3-BF4B-00C04F79EFBC}") = "RealMining", "RealMining\RealMining.csproj", "{5E2618C5-937A-40A8-A370-ED150B696070}"
EndProject
Global
	GlobalSection(SolutionConfigurationPlatforms) = preSolution
		Debug|Any CPU = Debug|Any CPU
		Release|Any CPU = Release|Any CPU
	EndGlobalSection
	GlobalSection(ProjectConfigurationPlatforms) = postSolution
		{5E2618C5-937A-40A8-A370-ED150B696070}.Debug|Any CPU.ActiveCfg = Debug|Any CPU
		{5E2618C5-937A-40A8-A370-ED150B696070}.Debug|Any CPU.Build.0 = Debug|Any CPU
		{5E2618C5-937A-40A8-A370-ED150B696070}.Release|Any CPU.ActiveCfg = Release|Any CPU
		{5E2618C5-937A-40A8-A370-ED150B696070}.Release|Any CPU.Build.0 = Release|Any CPU
	EndGlobalSection
	GlobalSection(SolutionProperties) = preSolution
		HideSolutionNode = FALSE
	EndGlobalSection
	GlobalSection(ExtensibilityGlobals) = postSolution
		SolutionGuid = {C94FACF0-B6BA-4635-89A8-71FD33AFC458}
	EndGlobalSection
EndGlobal
